
Microsoft Visual Studio Solution File, Format Version 12.00
# Visual Studio Version 16
VisualStudioVersion = 16.0.30225.117
MinimumVisualStudioVersion = 10.0.40219.1
Project("{FAE04EC0-301F-11D3-BF4B-00C04F79EFBC}") = "ConsoleApp30", "ConsoleApp30\ConsoleApp30.csproj", "{BBC8DF01-5699-4A9D-8C5D-85FC6697DE40}"
EndProject
Global
	GlobalSection(SolutionConfigurationPlatforms) = preSolution
		Debug|Any CPU = Debug|Any CPU
		Release|Any CPU = Release|Any CPU
	EndGlobalSection
	GlobalSection(ProjectConfigurationPlatforms) = postSolution
		{BBC8DF01-5699-4A9D-8C5D-85FC6697DE40}.Debug|Any CPU.ActiveCfg = Debug|Any CPU
		{BBC8DF01-5699-4A9D-8C5D-85FC6697DE40}.Debug|Any CPU.Build.0 = Debug|Any CPU
		{BBC8DF01-5699-4A9D-8C5D-85FC6697DE40}.Release|Any CPU.ActiveCfg = Release|Any CPU
		{BBC8DF01-5699-4A9D-8C5D-85FC6697DE40}.Release|Any CPU.Build.0 = Release|Any CPU
	EndGlobalSection
	GlobalSection(SolutionProperties) = preSolution
		HideSolutionNode = FALSE
	EndGlobalSection
	GlobalSection(ExtensibilityGlobals) = postSolution
		SolutionGuid = {EFEA8006-CC30-4C4A-A533-AF700F81449C}
	EndGlobalSection
EndGlobal
